
Microsoft Visual Studio Solution File, Format Version 12.00
# Visual Studio 14
VisualStudioVersion = 14.0.25420.1
MinimumVisualStudioVersion = 10.0.40219.1
Project("{E24C65DC-7377-472B-9ABA-BC803B73C61A}") = "Examinationsystemforblind", "..\..\WebSites\Examinationsystemforblind\", "{76C53F85-ACC0-4D7B-A44B-89608DD44941}"
	ProjectSection(WebsiteProperties) = preProject
		TargetFrameworkMoniker = ".NETFramework,Version%3Dv4.5.2"
		Debug.AspNetCompiler.VirtualPath = "/localhost_63079"
		Debug.AspNetCompiler.PhysicalPath = "..\..\WebSites\Examinationsystemforblind\"
		Debug.AspNetCompiler.TargetPath = "PrecompiledWeb\localhost_63079\"
		Debug.AspNetCompiler.Updateable = "true"
		Debug.AspNetCompiler.ForceOverwrite = "true"
		Debug.AspNetCompiler.FixedNames = "false"
		Debug.AspNetCompiler.Debug = "True"
		Release.AspNetCompiler.VirtualPath = "/localhost_63079"
		Release.AspNetCompiler.PhysicalPath = "..\..\WebSites\Examinationsystemforblind\"
		Release.AspNetCompiler.TargetPath = "PrecompiledWeb\localhost_63079\"
		Release.AspNetCompiler.Updateable = "true"
		Release.AspNetCompiler.ForceOverwrite = "true"
		Release.AspNetCompiler.FixedNames = "false"
		Release.AspNetCompiler.Debug = "False"
		VWDPort = "63079"
		SlnRelativePath = "..\..\WebSites\Examinationsystemforblind\"
		DefaultWebSiteLanguage = "Visual C#"
	EndProjectSection
EndProject
Global
	GlobalSection(SolutionConfigurationPlatforms) = preSolution
		Debug|Any CPU = Debug|Any CPU
	EndGlobalSection
	GlobalSection(ProjectConfigurationPlatforms) = postSolution
		{76C53F85-ACC0-4D7B-A44B-89608DD44941}.Debug|Any CPU.ActiveCfg = Debug|Any CPU
		{76C53F85-ACC0-4D7B-A44B-89608DD44941}.Debug|Any CPU.Build.0 = Debug|Any CPU
	EndGlobalSection
	GlobalSection(SolutionProperties) = preSolution
		HideSolutionNode = FALSE
	EndGlobalSection
EndGlobal
